{
	"name": "@root/asn1",
	"version": "1.0.1",
	"lockfileVersion": 3,
	"requires": true,
	"packages": {
		"": {
			"name": "@root/asn1",
			"version": "1.0.1",
			"license": "MPL-2.0",
			"dependencies": {
				"@root/encoding": "^1.0.1"
			},
			"devDependencies": {
				"@root/pem": "^1.0.4"
			}
		},
		"node_modules/@root/encoding": {
			"version": "1.0.1",
			"resolved": "https://registry.npmjs.org/@root/encoding/-/encoding-1.0.1.tgz",
			"integrity": "sha512-OaEub02ufoU038gy6bsNHQOjIn8nUjGiLcaRmJ40IUykneJkIW5fxDqKxQx48cszuNflYldsJLPPXCrGfHs8yQ==",
			"license": "MPL-2.0"
		},
		"node_modules/@root/pem": {
			"version": "1.0.4",
			"resolved": "https://registry.npmjs.org/@root/pem/-/pem-1.0.4.tgz",
			"integrity": "sha512-rEUDiUsHtild8GfIjFE9wXtcVxeS+ehCJQBwbQQ3IVfORKHK93CFnRtkr69R75lZFjcmKYVc+AXDB+AeRFOULA==",
			"dev": true,
			"license": "MPL-2.0"
		}
	}
}
