{
	"name": "@root/asn1",
	"version": "1.0.0",
	"lockfileVersion": 1,
	"requires": true,
	"dependencies": {
		"@root/encoding": {
			"version": "1.0.1",
			"resolved": "https://registry.npmjs.org/@root/encoding/-/encoding-1.0.1.tgz",
			"integrity": "sha512-OaEub02ufoU038gy6bsNHQOjIn8nUjGiLcaRmJ40IUykneJkIW5fxDqKxQx48cszuNflYldsJLPPXCrGfHs8yQ=="
		},
		"@root/pem": {
			"version": "1.0.3",
			"resolved": "https://registry.npmjs.org/@root/pem/-/pem-1.0.3.tgz",
			"integrity": "sha512-6iFwsbwm6YzWdfjogHzLTYkA1KWdeEkutVX2BBVfhyWoE9q0vp89G7mAcLIhi0QTRd199AMOacHWFq+gTyQkVA==",
			"dev": true
		}
	}
}
